github.com/rakyll/launchpad v0.0.0-20170320054832-b2437b463d18 h1:rDuXRMUhWHkfkg0w2CP8trlL4bKiRMr6hqQF/9eJRGY=
github.com/rakyll/launchpad v0.0.0-20170320054832-b2437b463d18/go.mod h1:R4IXFMrlEuYf8RRI4WxP4OWMbXoKD7Bq307n8g7VH3s=
github.com/rakyll/portmidi v0.0.0-20191102002215-74e95e8bc9b1 h1:ayxM9WkC6QRX0QnfrbZa98pfFqrNq1jo+58rWL1qjZs=
github.com/rakyll/portmidi v0.0.0-20191102002215-74e95e8bc9b1/go.mod h1:xKffaBd7e1YUoLpR2azvJqkxEdUDNGNDMlsUNdv6Bcs=
